
Microsoft Visual Studio Solution File, Format Version 12.00
# Visual Studio Version 17
VisualStudioVersion = 17.0.31903.59
MinimumVisualStudioVersion = 10.0.40219.1
Project("{9A19103F-16F7-4668-BE54-9A1E7A4F7556}") = "Test.Template.React.App.Server", "src\Server\Test.Template.React.App.Server.csproj", "{07D14B6A-51B9-4290-9608-3E30720E48E0}"
EndProject
Project("{9A19103F-16F7-4668-BE54-9A1E7A4F7556}") = "Test.Template.React.App.Shared", "src\Shared\Test.Template.React.App.Shared.csproj", "{989F7449-05EE-4754-879A-3D30DECC4139}"
EndProject
Project("{9A19103F-16F7-4668-BE54-9A1E7A4F7556}") = "Test.Template.React.App.Services", "src\Services\Test.Template.React.App.Services.csproj", "{4FBEC523-1F64-47D9-B6BC-E209814676A8}"
EndProject
Project("{9A19103F-16F7-4668-BE54-9A1E7A4F7556}") = "Test.Template.React.App.Services.Tests", "src\Tests\Services.Tests\Test.Template.React.App.Services.Tests.csproj", "{D28326BF-F12C-494D-954B-A8E72D451501}"
EndProject
Project("{2150E333-8FDC-42A3-9474-1A3956D46DE8}") = "Server", "Server", "{FA3FBB55-49CD-438E-9373-70AE9F2FECD5}"
EndProject
Project("{2150E333-8FDC-42A3-9474-1A3956D46DE8}") = "Shared", "Shared", "{5ADFC298-A547-4E5D-96D5-C876C230F3B9}"
EndProject
Project("{2150E333-8FDC-42A3-9474-1A3956D46DE8}") = "Tests", "Tests", "{32EB43C9-7ADA-40F5-9375-B93FBDA18150}"
EndProject
Project("{9A19103F-16F7-4668-BE54-9A1E7A4F7556}") = "Test.Template.React.App.Domain", "src\Domain\Test.Template.React.App.Domain.csproj", "{5CD1A979-83FB-49CC-86B4-ABA910DBC0C1}"
EndProject
Project("{9A19103F-16F7-4668-BE54-9A1E7A4F7556}") = "Test.Template.React.App.Domain.Migrations", "src\Domain.Migrations\Test.Template.React.App.Domain.Migrations.csproj", "{A5FFC679-BAB6-442F-A1C6-F848A95B9A97}"
EndProject
Project("{FAE04EC0-301F-11D3-BF4B-00C04F79EFBC}") = "Test.Template.React.App.ServiceDefaults", "src\ServiceDefaults\Test.Template.React.App.ServiceDefaults.csproj", "{BAF03C23-69E5-4CF0-B111-B3D471B6FCAA}"
EndProject
Project("{FAE04EC0-301F-11D3-BF4B-00C04F79EFBC}") = "Test.Template.React.App.AppHost", "src\AppHost\Test.Template.React.App.AppHost.csproj", "{1A24F9EB-EFF4-4C48-AF82-026335D949B2}"
EndProject
Global
	GlobalSection(SolutionConfigurationPlatforms) = preSolution
		Debug|Any CPU = Debug|Any CPU
		Release|Any CPU = Release|Any CPU
	EndGlobalSection
	GlobalSection(ProjectConfigurationPlatforms) = postSolution
		{07D14B6A-51B9-4290-9608-3E30720E48E0}.Debug|Any CPU.ActiveCfg = Debug|Any CPU
		{07D14B6A-51B9-4290-9608-3E30720E48E0}.Debug|Any CPU.Build.0 = Debug|Any CPU
		{07D14B6A-51B9-4290-9608-3E30720E48E0}.Release|Any CPU.ActiveCfg = Release|Any CPU
		{07D14B6A-51B9-4290-9608-3E30720E48E0}.Release|Any CPU.Build.0 = Release|Any CPU
		{989F7449-05EE-4754-879A-3D30DECC4139}.Debug|Any CPU.ActiveCfg = Debug|Any CPU
		{989F7449-05EE-4754-879A-3D30DECC4139}.Debug|Any CPU.Build.0 = Debug|Any CPU
		{989F7449-05EE-4754-879A-3D30DECC4139}.Release|Any CPU.ActiveCfg = Release|Any CPU
		{989F7449-05EE-4754-879A-3D30DECC4139}.Release|Any CPU.Build.0 = Release|Any CPU
		{4FBEC523-1F64-47D9-B6BC-E209814676A8}.Debug|Any CPU.ActiveCfg = Debug|Any CPU
		{4FBEC523-1F64-47D9-B6BC-E209814676A8}.Debug|Any CPU.Build.0 = Debug|Any CPU
		{4FBEC523-1F64-47D9-B6BC-E209814676A8}.Release|Any CPU.ActiveCfg = Release|Any CPU
		{4FBEC523-1F64-47D9-B6BC-E209814676A8}.Release|Any CPU.Build.0 = Release|Any CPU
		{D28326BF-F12C-494D-954B-A8E72D451501}.Debug|Any CPU.ActiveCfg = Debug|Any CPU
		{D28326BF-F12C-494D-954B-A8E72D451501}.Debug|Any CPU.Build.0 = Debug|Any CPU
		{D28326BF-F12C-494D-954B-A8E72D451501}.Release|Any CPU.ActiveCfg = Release|Any CPU
		{D28326BF-F12C-494D-954B-A8E72D451501}.Release|Any CPU.Build.0 = Release|Any CPU
		{5CD1A979-83FB-49CC-86B4-ABA910DBC0C1}.Debug|Any CPU.ActiveCfg = Debug|Any CPU
		{5CD1A979-83FB-49CC-86B4-ABA910DBC0C1}.Debug|Any CPU.Build.0 = Debug|Any CPU
		{5CD1A979-83FB-49CC-86B4-ABA910DBC0C1}.Release|Any CPU.ActiveCfg = Release|Any CPU
		{5CD1A979-83FB-49CC-86B4-ABA910DBC0C1}.Release|Any CPU.Build.0 = Release|Any CPU
		{A5FFC679-BAB6-442F-A1C6-F848A95B9A97}.Debug|Any CPU.ActiveCfg = Debug|Any CPU
		{A5FFC679-BAB6-442F-A1C6-F848A95B9A97}.Debug|Any CPU.Build.0 = Debug|Any CPU
		{A5FFC679-BAB6-442F-A1C6-F848A95B9A97}.Release|Any CPU.ActiveCfg = Release|Any CPU
		{A5FFC679-BAB6-442F-A1C6-F848A95B9A97}.Release|Any CPU.Build.0 = Release|Any CPU
		{BAF03C23-69E5-4CF0-B111-B3D471B6FCAA}.Debug|Any CPU.ActiveCfg = Debug|Any CPU
		{BAF03C23-69E5-4CF0-B111-B3D471B6FCAA}.Debug|Any CPU.Build.0 = Debug|Any CPU
		{BAF03C23-69E5-4CF0-B111-B3D471B6FCAA}.Release|Any CPU.ActiveCfg = Release|Any CPU
		{BAF03C23-69E5-4CF0-B111-B3D471B6FCAA}.Release|Any CPU.Build.0 = Release|Any CPU
		{1A24F9EB-EFF4-4C48-AF82-026335D949B2}.Debug|Any CPU.ActiveCfg = Debug|Any CPU
		{1A24F9EB-EFF4-4C48-AF82-026335D949B2}.Debug|Any CPU.Build.0 = Debug|Any CPU
		{1A24F9EB-EFF4-4C48-AF82-026335D949B2}.Release|Any CPU.ActiveCfg = Release|Any CPU
		{1A24F9EB-EFF4-4C48-AF82-026335D949B2}.Release|Any CPU.Build.0 = Release|Any CPU
	EndGlobalSection
	GlobalSection(SolutionProperties) = preSolution
		HideSolutionNode = FALSE
	EndGlobalSection
	GlobalSection(NestedProjects) = preSolution
		{07D14B6A-51B9-4290-9608-3E30720E48E0} = {FA3FBB55-49CD-438E-9373-70AE9F2FECD5}
		{989F7449-05EE-4754-879A-3D30DECC4139} = {5ADFC298-A547-4E5D-96D5-C876C230F3B9}
		{4FBEC523-1F64-47D9-B6BC-E209814676A8} = {FA3FBB55-49CD-438E-9373-70AE9F2FECD5}
		{D28326BF-F12C-494D-954B-A8E72D451501} = {32EB43C9-7ADA-40F5-9375-B93FBDA18150}
		{5CD1A979-83FB-49CC-86B4-ABA910DBC0C1} = {FA3FBB55-49CD-438E-9373-70AE9F2FECD5}
		{A5FFC679-BAB6-442F-A1C6-F848A95B9A97} = {FA3FBB55-49CD-438E-9373-70AE9F2FECD5}
	EndGlobalSection
	GlobalSection(ExtensibilityGlobals) = postSolution
		SolutionGuid = {6DBF8473-06FC-43AF-A14F-41F17AB93C7A}
	EndGlobalSection
EndGlobal
